// !$*UTF8*$!
{
	archiveVersion = 1;
	classes = {
	};
	objectVersion = 50;
	objects = {

/* Begin PBXBuildFile section */
		DC77EC5924431EB9001E1B7C /* StopWatchViewController.swift in Sources */ = {isa = PBXBuildFile; fileRef = DC77EC5824431EB9001E1B7C /* StopWatchViewController.swift */; };
		DC77EC5C24431F07001E1B7C /* StopWatch.storyboard in Resources */ = {isa = PBXBuildFile; fileRef = DC77EC5A24431F07001E1B7C /* StopWatch.storyboard */; };
		DC77EC5E2444AF8D001E1B7C /* Stopwatch.swift in Sources */ = {isa = PBXBuildFile; fileRef = DC77EC5D2444AF8D001E1B7C /* Stopwatch.swift */; };
		DCA8D95A24323011009EE89E /* AppDelegate.swift in Sources */ = {isa = PBXBuildFile; fileRef = DCA8D95924323011009EE89E /* AppDelegate.swift */; };
		DCA8D95C24323011009EE89E /* SceneDelegate.swift in Sources */ = {isa = PBXBuildFile; fileRef = DCA8D95B24323011009EE89E /* SceneDelegate.swift */; };
		DCA8D95E24323011009EE89E /* ViewController.swift in Sources */ = {isa = PBXBuildFile; fileRef = DCA8D95D24323011009EE89E /* ViewController.swift */; };
		DCA8D96124323011009EE89E /* Main.storyboard in Resources */ = {isa = PBXBuildFile; fileRef = DCA8D95F24323011009EE89E /* Main.storyboard */; };
		DCA8D96324323012009EE89E /* Assets.xcassets in Resources */ = {isa = PBXBuildFile; fileRef = DCA8D96224323012009EE89E /* Assets.xcassets */; };
		DCA8D96624323012009EE89E /* LaunchScreen.storyboard in Resources */ = {isa = PBXBuildFile; fileRef = DCA8D96424323012009EE89E /* LaunchScreen.storyboard */; };
		DCA8D97124338A37009EE89E /* Product.swift in Sources */ = {isa = PBXBuildFile; fileRef = DCA8D97024338A37009EE89E /* Product.swift */; };
		DCA8D9742434D812009EE89E /* GoodAsOldPhones.storyboard in Resources */ = {isa = PBXBuildFile; fileRef = DCA8D9722434D812009EE89E /* GoodAsOldPhones.storyboard */; };
		DCA8D9762434D87F009EE89E /* ProductViewController.swift in Sources */ = {isa = PBXBuildFile; fileRef = DCA8D9752434D87F009EE89E /* ProductViewController.swift */; };
		DCA8D9782434D8E8009EE89E /* UsViewController.swift in Sources */ = {isa = PBXBuildFile; fileRef = DCA8D9772434D8E8009EE89E /* UsViewController.swift */; };
		DCA8D97C2434D98C009EE89E /* ProductsTableViewController.swift in Sources */ = {isa = PBXBuildFile; fileRef = DCA8D97B2434D98C009EE89E /* ProductsTableViewController.swift */; };
/* End PBXBuildFile section */

/* Begin PBXFileReference section */
		DC77EC5824431EB9001E1B7C /* StopWatchViewController.swift */ = {isa = PBXFileReference; lastKnownFileType = sourcecode.swift; path = StopWatchViewController.swift; sourceTree = "<group>"; };
		DC77EC5B24431F07001E1B7C /* Base */ = {isa = PBXFileReference; lastKnownFileType = file.storyboard; name = Base; path = "SwiftDemo/Supporting Files/Base.lproj/StopWatch.storyboard"; sourceTree = "<group>"; };
		DC77EC5D2444AF8D001E1B7C /* Stopwatch.swift */ = {isa = PBXFileReference; lastKnownFileType = sourcecode.swift; path = Stopwatch.swift; sourceTree = "<group>"; };
		DCA8D95624323011009EE89E /* SwiftDemo.app */ = {isa = PBXFileReference; explicitFileType = wrapper.application; includeInIndex = 0; path = SwiftDemo.app; sourceTree = BUILT_PRODUCTS_DIR; };
		DCA8D95924323011009EE89E /* AppDelegate.swift */ = {isa = PBXFileReference; lastKnownFileType = sourcecode.swift; path = AppDelegate.swift; sourceTree = "<group>"; };
		DCA8D95B24323011009EE89E /* SceneDelegate.swift */ = {isa = PBXFileReference; lastKnownFileType = sourcecode.swift; path = SceneDelegate.swift; sourceTree = "<group>"; };
		DCA8D95D24323011009EE89E /* ViewController.swift */ = {isa = PBXFileReference; lastKnownFileType = sourcecode.swift; path = ViewController.swift; sourceTree = "<group>"; };
		DCA8D96024323011009EE89E /* Base */ = {isa = PBXFileReference; lastKnownFileType = file.storyboard; name = Base; path = Base.lproj/Main.storyboard; sourceTree = "<group>"; };
		DCA8D96224323012009EE89E /* Assets.xcassets */ = {isa = PBXFileReference; lastKnownFileType = folder.assetcatalog; path = Assets.xcassets; sourceTree = "<group>"; };
		DCA8D96524323012009EE89E /* Base */ = {isa = PBXFileReference; lastKnownFileType = file.storyboard; name = Base; path = Base.lproj/LaunchScreen.storyboard; sourceTree = "<group>"; };
		DCA8D96724323012009EE89E /* Info.plist */ = {isa = PBXFileReference; lastKnownFileType = text.plist.xml; path = Info.plist; sourceTree = "<group>"; };
		DCA8D97024338A37009EE89E /* Product.swift */ = {isa = PBXFileReference; lastKnownFileType = sourcecode.swift; path = Product.swift; sourceTree = "<group>"; };
		DCA8D9732434D812009EE89E /* Base */ = {isa = PBXFileReference; lastKnownFileType = file.storyboard; name = Base; path = "SwiftDemo/Supporting Files/Base.lproj/GoodAsOldPhones.storyboard"; sourceTree = "<group>"; };
		DCA8D9752434D87F009EE89E /* ProductViewController.swift */ = {isa = PBXFileReference; lastKnownFileType = sourcecode.swift; path = ProductViewController.swift; sourceTree = "<group>"; };
		DCA8D9772434D8E8009EE89E /* UsViewController.swift */ = {isa = PBXFileReference; lastKnownFileType = sourcecode.swift; path = UsViewController.swift; sourceTree = "<group>"; };
		DCA8D97B2434D98C009EE89E /* ProductsTableViewController.swift */ = {isa = PBXFileReference; lastKnownFileType = sourcecode.swift; path = ProductsTableViewController.swift; sourceTree = "<group>"; };
/* End PBXFileReference section */

/* Begin PBXFrameworksBuildPhase section */
		DCA8D95324323011009EE89E /* Frameworks */ = {
			isa = PBXFrameworksBuildPhase;
			buildActionMask = 2147483647;
			files = (
			);
			runOnlyForDeploymentPostprocessing = 0;
		};
/* End PBXFrameworksBuildPhase section */

/* Begin PBXGroup section */
		DC77EC5724431E84001E1B7C /* Demo2 */ = {
			isa = PBXGroup;
			children = (
				DC77EC5824431EB9001E1B7C /* StopWatchViewController.swift */,
				DC77EC5D2444AF8D001E1B7C /* Stopwatch.swift */,
			);
			path = Demo2;
			sourceTree = "<group>";
		};
		DCA8D94D24323011009EE89E = {
			isa = PBXGroup;
			children = (
				DCA8D95824323011009EE89E /* SwiftDemo */,
				DCA8D95724323011009EE89E /* Products */,
			);
			sourceTree = "<group>";
		};
		DCA8D95724323011009EE89E /* Products */ = {
			isa = PBXGroup;
			children = (
				DCA8D95624323011009EE89E /* SwiftDemo.app */,
			);
			name = Products;
			sourceTree = "<group>";
		};
		DCA8D95824323011009EE89E /* SwiftDemo */ = {
			isa = PBXGroup;
			children = (
				DCA8D95924323011009EE89E /* AppDelegate.swift */,
				DCA8D95B24323011009EE89E /* SceneDelegate.swift */,
				DCA8D95D24323011009EE89E /* ViewController.swift */,
				DCA8D96D2432305E009EE89E /* Demos */,
				DCA8D96E24323084009EE89E /* Supporting Files */,
			);
			path = SwiftDemo;
			sourceTree = "<group>";
		};
		DCA8D96D2432305E009EE89E /* Demos */ = {
			isa = PBXGroup;
			children = (
				DC77EC5724431E84001E1B7C /* Demo2 */,
				DCA8D96F24338A1D009EE89E /* Demo1 */,
			);
			path = Demos;
			sourceTree = "<group>";
		};
		DCA8D96E24323084009EE89E /* Supporting Files */ = {
			isa = PBXGroup;
			children = (
				DC77EC5A24431F07001E1B7C /* StopWatch.storyboard */,
				DCA8D9722434D812009EE89E /* GoodAsOldPhones.storyboard */,
				DCA8D95F24323011009EE89E /* Main.storyboard */,
				DCA8D96224323012009EE89E /* Assets.xcassets */,
				DCA8D96424323012009EE89E /* LaunchScreen.storyboard */,
				DCA8D96724323012009EE89E /* Info.plist */,
			);
			path = "Supporting Files";
			sourceTree = "<group>";
		};
		DCA8D96F24338A1D009EE89E /* Demo1 */ = {
			isa = PBXGroup;
			children = (
				DCA8D97024338A37009EE89E /* Product.swift */,
				DCA8D9752434D87F009EE89E /* ProductViewController.swift */,
				DCA8D97B2434D98C009EE89E /* ProductsTableViewController.swift */,
				DCA8D9772434D8E8009EE89E /* UsViewController.swift */,
			);
			path = Demo1;
			sourceTree = "<group>";
		};
/* End PBXGroup section */

/* Begin PBXNativeTarget section */
		DCA8D95524323011009EE89E /* SwiftDemo */ = {
			isa = PBXNativeTarget;
			buildConfigurationList = DCA8D96A24323012009EE89E /* Build configuration list for PBXNativeTarget "SwiftDemo" */;
			buildPhases = (
				DCA8D95224323011009EE89E /* Sources */,
				DCA8D95324323011009EE89E /* Frameworks */,
				DCA8D95424323011009EE89E /* Resources */,
			);
			buildRules = (
			);
			dependencies = (
			);
			name = SwiftDemo;
			productName = SwiftDemo;
			productReference = DCA8D95624323011009EE89E /* SwiftDemo.app */;
			productType = "com.apple.product-type.application";
		};
/* End PBXNativeTarget section */

/* Begin PBXProject section */
		DCA8D94E24323011009EE89E /* Project object */ = {
			isa = PBXProject;
			attributes = {
				LastSwiftUpdateCheck = 1130;
				LastUpgradeCheck = 1130;
				ORGANIZATIONNAME = Harlan;
				TargetAttributes = {
					DCA8D95524323011009EE89E = {
						CreatedOnToolsVersion = 11.3.1;
					};
				};
			};
			buildConfigurationList = DCA8D95124323011009EE89E /* Build configuration list for PBXProject "SwiftDemo" */;
			compatibilityVersion = "Xcode 9.3";
			developmentRegion = en;
			hasScannedForEncodings = 0;
			knownRegions = (
				en,
				Base,
			);
			mainGroup = DCA8D94D24323011009EE89E;
			productRefGroup = DCA8D95724323011009EE89E /* Products */;
			projectDirPath = "";
			projectRoot = "";
			targets = (
				DCA8D95524323011009EE89E /* SwiftDemo */,
			);
		};
/* End PBXProject section */

/* Begin PBXResourcesBuildPhase section */
		DCA8D95424323011009EE89E /* Resources */ = {
			isa = PBXResourcesBuildPhase;
			buildActionMask = 2147483647;
			files = (
				DCA8D96624323012009EE89E /* LaunchScreen.storyboard in Resources */,
				DC77EC5C24431F07001E1B7C /* StopWatch.storyboard in Resources */,
				DCA8D96324323012009EE89E /* Assets.xcassets in Resources */,
				DCA8D9742434D812009EE89E /* GoodAsOldPhones.storyboard in Resources */,
				DCA8D96124323011009EE89E /* Main.storyboard in Resources */,
			);
			runOnlyForDeploymentPostprocessing = 0;
		};
/* End PBXResourcesBuildPhase section */

/* Begin PBXSourcesBuildPhase section */
		DCA8D95224323011009EE89E /* Sources */ = {
			isa = PBXSourcesBuildPhase;
			buildActionMask = 2147483647;
			files = (
				DCA8D97C2434D98C009EE89E /* ProductsTableViewController.swift in Sources */,
				DCA8D95E24323011009EE89E /* ViewController.swift in Sources */,
				DCA8D97124338A37009EE89E /* Product.swift in Sources */,
				DCA8D95A24323011009EE89E /* AppDelegate.swift in Sources */,
				DC77EC5E2444AF8D001E1B7C /* Stopwatch.swift in Sources */,
				DC77EC5924431EB9001E1B7C /* StopWatchViewController.swift in Sources */,
				DCA8D9762434D87F009EE89E /* ProductViewController.swift in Sources */,
				DCA8D9782434D8E8009EE89E /* UsViewController.swift in Sources */,
				DCA8D95C24323011009EE89E /* SceneDelegate.swift in Sources */,
			);
			runOnlyForDeploymentPostprocessing = 0;
		};
/* End PBXSourcesBuildPhase section */

/* Begin PBXVariantGroup section */
		DC77EC5A24431F07001E1B7C /* StopWatch.storyboard */ = {
			isa = PBXVariantGroup;
			children = (
				DC77EC5B24431F07001E1B7C /* Base */,
			);
			name = StopWatch.storyboard;
			sourceTree = "<group>";
		};
		DCA8D95F24323011009EE89E /* Main.storyboard */ = {
			isa = PBXVariantGroup;
			children = (
				DCA8D96024323011009EE89E /* Base */,
			);
			name = Main.storyboard;
			sourceTree = "<group>";
		};
		DCA8D96424323012009EE89E /* LaunchScreen.storyboard */ = {
			isa = PBXVariantGroup;
			children = (
				DCA8D96524323012009EE89E /* Base */,
			);
			name = LaunchScreen.storyboard;
			sourceTree = "<group>";
		};
		DCA8D9722434D812009EE89E /* GoodAsOldPhones.storyboard */ = {
			isa = PBXVariantGroup;
			children = (
				DCA8D9732434D812009EE89E /* Base */,
			);
			name = GoodAsOldPhones.storyboard;
			sourceTree = "<group>";
		};
/* End PBXVariantGroup section */

/* Begin XCBuildConfiguration section */
		DCA8D96824323012009EE89E /* Debug */ = {
			isa = XCBuildConfiguration;
			buildSettings = {
				ALWAYS_SEARCH_USER_PATHS = NO;
				CLANG_ANALYZER_NONNULL = YES;
				CLANG_ANALYZER_NUMBER_OBJECT_CONVERSION = YES_AGGRESSIVE;
				CLANG_CXX_LANGUAGE_STANDARD = "gnu++14";
				CLANG_CXX_LIBRARY = "libc++";
				CLANG_ENABLE_MODULES = YES;
				CLANG_ENABLE_OBJC_ARC = YES;
				CLANG_ENABLE_OBJC_WEAK = YES;
				CLANG_WARN_BLOCK_CAPTURE_AUTORELEASING = YES;
				CLANG_WARN_BOOL_CONVERSION = YES;
				CLANG_WARN_COMMA = YES;
				CLANG_WARN_CONSTANT_CONVERSION = YES;
				CLANG_WARN_DEPRECATED_OBJC_IMPLEMENTATIONS = YES;
				CLANG_WARN_DIRECT_OBJC_ISA_USAGE = YES_ERROR;
				CLANG_WARN_DOCUMENTATION_COMMENTS = YES;
				CLANG_WARN_EMPTY_BODY = YES;
				CLANG_WARN_ENUM_CONVERSION = YES;
				CLANG_WARN_INFINITE_RECURSION = YES;
				CLANG_WARN_INT_CONVERSION = YES;
				CLANG_WARN_NON_LITERAL_NULL_CONVERSION = YES;
				CLANG_WARN_OBJC_IMPLICIT_RETAIN_SELF = YES;
				CLANG_WARN_OBJC_LITERAL_CONVERSION = YES;
				CLANG_WARN_OBJC_ROOT_CLASS = YES_ERROR;
				CLANG_WARN_RANGE_LOOP_ANALYSIS = YES;
				CLANG_WARN_STRICT_PROTOTYPES = YES;
				CLANG_WARN_SUSPICIOUS_MOVE = YES;
				CLANG_WARN_UNGUARDED_AVAILABILITY = YES_AGGRESSIVE;
				CLANG_WARN_UNREACHABLE_CODE = YES;
				CLANG_WARN__DUPLICATE_METHOD_MATCH = YES;
				COPY_PHASE_STRIP = NO;
				DEBUG_INFORMATION_FORMAT = dwarf;
				ENABLE_STRICT_OBJC_MSGSEND = YES;
				ENABLE_TESTABILITY = YES;
				GCC_C_LANGUAGE_STANDARD = gnu11;
				GCC_DYNAMIC_NO_PIC = NO;
				GCC_NO_COMMON_BLOCKS = YES;
				GCC_OPTIMIZATION_LEVEL = 0;
				GCC_PREPROCESSOR_DEFINITIONS = (
					"DEBUG=1",
					"$(inherited)",
				);
				GCC_WARN_64_TO_32_BIT_CONVERSION = YES;
				GCC_WARN_ABOUT_RETURN_TYPE = YES_ERROR;
				GCC_WARN_UNDECLARED_SELECTOR = YES;
				GCC_WARN_UNINITIALIZED_AUTOS = YES_AGGRESSIVE;
				GCC_WARN_UNUSED_FUNCTION = YES;
				GCC_WARN_UNUSED_VARIABLE = YES;
				IPHONEOS_DEPLOYMENT_TARGET = 13.2;
				MTL_ENABLE_DEBUG_INFO = INCLUDE_SOURCE;
				MTL_FAST_MATH = YES;
				ONLY_ACTIVE_ARCH = YES;
				SDKROOT = iphoneos;
				SWIFT_ACTIVE_COMPILATION_CONDITIONS = DEBUG;
				SWIFT_OPTIMIZATION_LEVEL = "-Onone";
			};
			name = Debug;
		};
		DCA8D96924323012009EE89E /* Release */ = {
			isa = XCBuildConfiguration;
			buildSettings = {
				ALWAYS_SEARCH_USER_PATHS = NO;
				CLANG_ANALYZER_NONNULL = YES;
				CLANG_ANALYZER_NUMBER_OBJECT_CONVERSION = YES_AGGRESSIVE;
				CLANG_CXX_LANGUAGE_STANDARD = "gnu++14";
				CLANG_CXX_LIBRARY = "libc++";
				CLANG_ENABLE_MODULES = YES;
				CLANG_ENABLE_OBJC_ARC = YES;
				CLANG_ENABLE_OBJC_WEAK = YES;
				CLANG_WARN_BLOCK_CAPTURE_AUTORELEASING = YES;
				CLANG_WARN_BOOL_CONVERSION = YES;
				CLANG_WARN_COMMA = YES;
				CLANG_WARN_CONSTANT_CONVERSION = YES;
				CLANG_WARN_DEPRECATED_OBJC_IMPLEMENTATIONS = YES;
				CLANG_WARN_DIRECT_OBJC_ISA_USAGE = YES_ERROR;
				CLANG_WARN_DOCUMENTATION_COMMENTS = YES;
				CLANG_WARN_EMPTY_BODY = YES;
				CLANG_WARN_ENUM_CONVERSION = YES;
				CLANG_WARN_INFINITE_RECURSION = YES;
				CLANG_WARN_INT_CONVERSION = YES;
				CLANG_WARN_NON_LITERAL_NULL_CONVERSION = YES;
				CLANG_WARN_OBJC_IMPLICIT_RETAIN_SELF = YES;
				CLANG_WARN_OBJC_LITERAL_CONVERSION = YES;
				CLANG_WARN_OBJC_ROOT_CLASS = YES_ERROR;
				CLANG_WARN_RANGE_LOOP_ANALYSIS = YES;
				CLANG_WARN_STRICT_PROTOTYPES = YES;
				CLANG_WARN_SUSPICIOUS_MOVE = YES;
				CLANG_WARN_UNGUARDED_AVAILABILITY = YES_AGGRESSIVE;
				CLANG_WARN_UNREACHABLE_CODE = YES;
				CLANG_WARN__DUPLICATE_METHOD_MATCH = YES;
				COPY_PHASE_STRIP = NO;
				DEBUG_INFORMATION_FORMAT = "dwarf-with-dsym";
				ENABLE_NS_ASSERTIONS = NO;
				ENABLE_STRICT_OBJC_MSGSEND = YES;
				GCC_C_LANGUAGE_STANDARD = gnu11;
				GCC_NO_COMMON_BLOCKS = YES;
				GCC_WARN_64_TO_32_BIT_CONVERSION = YES;
				GCC_WARN_ABOUT_RETURN_TYPE = YES_ERROR;
				GCC_WARN_UNDECLARED_SELECTOR = YES;
				GCC_WARN_UNINITIALIZED_AUTOS = YES_AGGRESSIVE;
				GCC_WARN_UNUSED_FUNCTION = YES;
				GCC_WARN_UNUSED_VARIABLE = YES;
				IPHONEOS_DEPLOYMENT_TARGET = 13.2;
				MTL_ENABLE_DEBUG_INFO = NO;
				MTL_FAST_MATH = YES;
				SDKROOT = iphoneos;
				SWIFT_COMPILATION_MODE = wholemodule;
				SWIFT_OPTIMIZATION_LEVEL = "-O";
				VALIDATE_PRODUCT = YES;
			};
			name = Release;
		};
		DCA8D96B24323012009EE89E /* Debug */ = {
			isa = XCBuildConfiguration;
			buildSettings = {
				ASSETCATALOG_COMPILER_APPICON_NAME = AppIcon;
				CODE_SIGN_STYLE = Automatic;
				INFOPLIST_FILE = "SwiftDemo/Supporting FIles/Info.plist";
				LD_RUNPATH_SEARCH_PATHS = (
					"$(inherited)",
					"@executable_path/Frameworks",
				);
				PRODUCT_BUNDLE_IDENTIFIER = com.zhizhangyi.SwiftDemozzaza;
				PRODUCT_NAME = "$(TARGET_NAME)";
				SWIFT_VERSION = 5.0;
				TARGETED_DEVICE_FAMILY = "1,2";
			};
			name = Debug;
		};
		DCA8D96C24323012009EE89E /* Release */ = {
			isa = XCBuildConfiguration;
			buildSettings = {
				ASSETCATALOG_COMPILER_APPICON_NAME = AppIcon;
				CODE_SIGN_STYLE = Automatic;
				INFOPLIST_FILE = "SwiftDemo/Supporting FIles/Info.plist";
				LD_RUNPATH_SEARCH_PATHS = (
					"$(inherited)",
					"@executable_path/Frameworks",
				);
				PRODUCT_BUNDLE_IDENTIFIER = com.zhizhangyi.SwiftDemozzaza;
				PRODUCT_NAME = "$(TARGET_NAME)";
				SWIFT_VERSION = 5.0;
				TARGETED_DEVICE_FAMILY = "1,2";
			};
			name = Release;
		};
/* End XCBuildConfiguration section */

/* Begin XCConfigurationList section */
		DCA8D95124323011009EE89E /* Build configuration list for PBXProject "SwiftDemo" */ = {
			isa = XCConfigurationList;
			buildConfigurations = (
				DCA8D96824323012009EE89E /* Debug */,
				DCA8D96924323012009EE89E /* Release */,
			);
			defaultConfigurationIsVisible = 0;
			defaultConfigurationName = Release;
		};
		DCA8D96A24323012009EE89E /* Build configuration list for PBXNativeTarget "SwiftDemo" */ = {
			isa = XCConfigurationList;
			buildConfigurations = (
				DCA8D96B24323012009EE89E /* Debug */,
				DCA8D96C24323012009EE89E /* Release */,
			);
			defaultConfigurationIsVisible = 0;
			defaultConfigurationName = Release;
		};
/* End XCConfigurationList section */
	};
	rootObject = DCA8D94E24323011009EE89E /* Project object */;
}
